// !$*UTF8*$!
{
	archiveVersion = 1;
	classes = {
	};
	objectVersion = 46;
	objects = {

/* Begin PBXBuildFile section */
		0104DE8A1AB76F8F00E4F220 /* MenuButton.swift in Sources */ = {isa = PBXBuildFile; fileRef = 0104DE891AB76F8F00E4F220 /* MenuButton.swift */; };
		0104DE8D1AB7704200E4F220 /* AboutDialogue.swift in Sources */ = {isa = PBXBuildFile; fileRef = 0104DE8C1AB7704200E4F220 /* AboutDialogue.swift */; };
		011D5BC01AF7D8DE000FAFF7 /* L8R.swift in Sources */ = {isa = PBXBuildFile; fileRef = 011D5BBF1AF7D8DE000FAFF7 /* L8R.swift */; };
		0127DDF91AEEBF8D00535159 /* Bolts.framework in Frameworks */ = {isa = PBXBuildFile; fileRef = 0127DDF71AEEBF8D00535159 /* Bolts.framework */; };
		0127DDFA1AEEBF8D00535159 /* ParseCrashReporting.framework in Frameworks */ = {isa = PBXBuildFile; fileRef = 0127DDF81AEEBF8D00535159 /* ParseCrashReporting.framework */; };
		0127DDFC1AEEBF9600535159 /* Parse.framework in Frameworks */ = {isa = PBXBuildFile; fileRef = 0127DDFB1AEEBF9600535159 /* Parse.framework */; };
		01523DCC1A8FC23500FCDC0F /* Model.xcdatamodeld in Sources */ = {isa = PBXBuildFile; fileRef = 01523DCA1A8FC23500FCDC0F /* Model.xcdatamodeld */; };
		0180E6851AC9C08D00470487 /* CardStack.swift in Sources */ = {isa = PBXBuildFile; fileRef = 0180E6841AC9C08D00470487 /* CardStack.swift */; };
		0180E6871AC9C0E400470487 /* InboxViewController.swift in Sources */ = {isa = PBXBuildFile; fileRef = 0180E6861AC9C0E400470487 /* InboxViewController.swift */; };
		01BAC3AA1AE5D9EA006ADA0F /* AlbumViewController.swift in Sources */ = {isa = PBXBuildFile; fileRef = 01BAC3A91AE5D9EA006ADA0F /* AlbumViewController.swift */; };
		01BAC3AC1AE80E0B006ADA0F /* ModalViewController.swift in Sources */ = {isa = PBXBuildFile; fileRef = 01BAC3AB1AE80E0B006ADA0F /* ModalViewController.swift */; };
		01BDDE891A912C240015F601 /* PageItemController.swift in Sources */ = {isa = PBXBuildFile; fileRef = 01BDDE881A912C240015F601 /* PageItemController.swift */; };
		01BDDE8B1A912D4A0015F601 /* CameraController.swift in Sources */ = {isa = PBXBuildFile; fileRef = 01BDDE8A1A912D4A0015F601 /* CameraController.swift */; };
		01DE2CD91AEECAFE00B89E50 /* AudioToolbox.framework in Frameworks */ = {isa = PBXBuildFile; fileRef = 0127DDFE1AEEBFC500535159 /* AudioToolbox.framework */; };
		01DE2CDA1AEECB0300B89E50 /* CFNetwork.framework in Frameworks */ = {isa = PBXBuildFile; fileRef = 0127DE001AEEBFCC00535159 /* CFNetwork.framework */; };
		01DE2CDB1AEECB0700B89E50 /* CoreGraphics.framework in Frameworks */ = {isa = PBXBuildFile; fileRef = 0127DE021AEEBFD300535159 /* CoreGraphics.framework */; };
		01DE2CDC1AEECB0B00B89E50 /* CoreLocation.framework in Frameworks */ = {isa = PBXBuildFile; fileRef = 01DE2CC71AEEC9DD00B89E50 /* CoreLocation.framework */; };
		01DE2CDD1AEECB1100B89E50 /* MobileCoreServices.framework in Frameworks */ = {isa = PBXBuildFile; fileRef = 01DE2CC91AEEC9E300B89E50 /* MobileCoreServices.framework */; };
		01DE2CDE1AEECB1500B89E50 /* QuartzCore.framework in Frameworks */ = {isa = PBXBuildFile; fileRef = 01DE2CCB1AEEC9E800B89E50 /* QuartzCore.framework */; };
		01DE2CDF1AEECB1A00B89E50 /* Security.framework in Frameworks */ = {isa = PBXBuildFile; fileRef = 01DE2CCD1AEEC9EF00B89E50 /* Security.framework */; };
		01DE2CE01AEECB2600B89E50 /* StoreKit.framework in Frameworks */ = {isa = PBXBuildFile; fileRef = 01DE2CCF1AEEC9F500B89E50 /* StoreKit.framework */; };
		01DE2CE11AEECB2C00B89E50 /* SystemConfiguration.framework in Frameworks */ = {isa = PBXBuildFile; fileRef = 01DE2CD11AEEC9FD00B89E50 /* SystemConfiguration.framework */; };
		01DE2CE21AEECB3800B89E50 /* libstdc++.6.dylib in Frameworks */ = {isa = PBXBuildFile; fileRef = 01DE2CD31AEECA0700B89E50 /* libstdc++.6.dylib */; };
		01DE2CE31AEECB3E00B89E50 /* libz.dylib in Frameworks */ = {isa = PBXBuildFile; fileRef = 01DE2CD51AEECA1000B89E50 /* libz.dylib */; };
		01DE2CE41AEECB4400B89E50 /* libsqlite3.dylib in Frameworks */ = {isa = PBXBuildFile; fileRef = 01DE2CD71AEECA1C00B89E50 /* libsqlite3.dylib */; };
		01DE2CE71AF03C5000B89E50 /* LaterNavigationController.swift in Sources */ = {isa = PBXBuildFile; fileRef = 01DE2CE61AF03C5000B89E50 /* LaterNavigationController.swift */; };
		01DE2CEF1AF2781500B89E50 /* Dosis-Bold.ttf in Resources */ = {isa = PBXBuildFile; fileRef = 01DE2CE91AF277ED00B89E50 /* Dosis-Bold.ttf */; };
		01DE2CF01AF2781700B89E50 /* Dosis-ExtraBold.ttf in Resources */ = {isa = PBXBuildFile; fileRef = 01DE2CEA1AF277ED00B89E50 /* Dosis-ExtraBold.ttf */; };
		01DE2CF11AF2781900B89E50 /* Dosis-Medium.ttf in Resources */ = {isa = PBXBuildFile; fileRef = 01DE2CEB1AF277ED00B89E50 /* Dosis-Medium.ttf */; };
		01DE2CF21AF2781B00B89E50 /* Dosis-Regular.ttf in Resources */ = {isa = PBXBuildFile; fileRef = 01DE2CEC1AF277ED00B89E50 /* Dosis-Regular.ttf */; };
		01DE2CF31AF2781D00B89E50 /* Dosis-SemiBold.ttf in Resources */ = {isa = PBXBuildFile; fileRef = 01DE2CED1AF277ED00B89E50 /* Dosis-SemiBold.ttf */; };
		02F5BDE619CE1C4900EDFD47 /* AppDelegate.swift in Sources */ = {isa = PBXBuildFile; fileRef = 02F5BDE519CE1C4900EDFD47 /* AppDelegate.swift */; };
		02F5BDE819CE1C4900EDFD47 /* ViewController.swift in Sources */ = {isa = PBXBuildFile; fileRef = 02F5BDE719CE1C4900EDFD47 /* ViewController.swift */; };
		02F5BDEB19CE1C4900EDFD47 /* Main.storyboard in Resources */ = {isa = PBXBuildFile; fileRef = 02F5BDE919CE1C4900EDFD47 /* Main.storyboard */; };
		02F5BDED19CE1C4900EDFD47 /* Images.xcassets in Resources */ = {isa = PBXBuildFile; fileRef = 02F5BDEC19CE1C4900EDFD47 /* Images.xcassets */; };
		02F5BDF019CE1C4900EDFD47 /* LaunchScreen.xib in Resources */ = {isa = PBXBuildFile; fileRef = 02F5BDEE19CE1C4900EDFD47 /* LaunchScreen.xib */; };
/* End PBXBuildFile section */

/* Begin PBXFileReference section */
		0104DE891AB76F8F00E4F220 /* MenuButton.swift */ = {isa = PBXFileReference; fileEncoding = 4; lastKnownFileType = sourcecode.swift; path = MenuButton.swift; sourceTree = "<group>"; };
		0104DE8C1AB7704200E4F220 /* AboutDialogue.swift */ = {isa = PBXFileReference; fileEncoding = 4; lastKnownFileType = sourcecode.swift; path = AboutDialogue.swift; sourceTree = "<group>"; };
		011D5BBF1AF7D8DE000FAFF7 /* L8R.swift */ = {isa = PBXFileReference; fileEncoding = 4; lastKnownFileType = sourcecode.swift; path = L8R.swift; sourceTree = "<group>"; };
		0127DDF71AEEBF8D00535159 /* Bolts.framework */ = {isa = PBXFileReference; lastKnownFileType = wrapper.framework; path = Bolts.framework; sourceTree = "<group>"; };
		0127DDF81AEEBF8D00535159 /* ParseCrashReporting.framework */ = {isa = PBXFileReference; lastKnownFileType = wrapper.framework; path = ParseCrashReporting.framework; sourceTree = "<group>"; };
		0127DDFB1AEEBF9600535159 /* Parse.framework */ = {isa = PBXFileReference; lastKnownFileType = wrapper.framework; path = Parse.framework; sourceTree = "<group>"; };
		0127DDFE1AEEBFC500535159 /* AudioToolbox.framework */ = {isa = PBXFileReference; lastKnownFileType = wrapper.framework; name = AudioToolbox.framework; path = System/Library/Frameworks/AudioToolbox.framework; sourceTree = SDKROOT; };
		0127DE001AEEBFCC00535159 /* CFNetwork.framework */ = {isa = PBXFileReference; lastKnownFileType = wrapper.framework; name = CFNetwork.framework; path = System/Library/Frameworks/CFNetwork.framework; sourceTree = SDKROOT; };
		0127DE021AEEBFD300535159 /* CoreGraphics.framework */ = {isa = PBXFileReference; lastKnownFileType = wrapper.framework; name = CoreGraphics.framework; path = System/Library/Frameworks/CoreGraphics.framework; sourceTree = SDKROOT; };
		01523DCB1A8FC23500FCDC0F /* Model.xcdatamodel */ = {isa = PBXFileReference; lastKnownFileType = wrapper.xcdatamodel; path = Model.xcdatamodel; sourceTree = "<group>"; };
		0180E6841AC9C08D00470487 /* CardStack.swift */ = {isa = PBXFileReference; fileEncoding = 4; lastKnownFileType = sourcecode.swift; path = CardStack.swift; sourceTree = "<group>"; };
		0180E6861AC9C0E400470487 /* InboxViewController.swift */ = {isa = PBXFileReference; fileEncoding = 4; lastKnownFileType = sourcecode.swift; path = InboxViewController.swift; sourceTree = "<group>"; };
		01BAC3A91AE5D9EA006ADA0F /* AlbumViewController.swift */ = {isa = PBXFileReference; fileEncoding = 4; lastKnownFileType = sourcecode.swift; path = AlbumViewController.swift; sourceTree = "<group>"; };
		01BAC3AB1AE80E0B006ADA0F /* ModalViewController.swift */ = {isa = PBXFileReference; fileEncoding = 4; lastKnownFileType = sourcecode.swift; name = ModalViewController.swift; path = ../ModalViewController.swift; sourceTree = "<group>"; };
		01BDDE881A912C240015F601 /* PageItemController.swift */ = {isa = PBXFileReference; fileEncoding = 4; lastKnownFileType = sourcecode.swift; path = PageItemController.swift; sourceTree = "<group>"; };
		01BDDE8A1A912D4A0015F601 /* CameraController.swift */ = {isa = PBXFileReference; fileEncoding = 4; lastKnownFileType = sourcecode.swift; path = CameraController.swift; sourceTree = "<group>"; };
		01DE2CC71AEEC9DD00B89E50 /* CoreLocation.framework */ = {isa = PBXFileReference; lastKnownFileType = wrapper.framework; name = CoreLocation.framework; path = System/Library/Frameworks/CoreLocation.framework; sourceTree = SDKROOT; };
		01DE2CC91AEEC9E300B89E50 /* MobileCoreServices.framework */ = {isa = PBXFileReference; lastKnownFileType = wrapper.framework; name = MobileCoreServices.framework; path = System/Library/Frameworks/MobileCoreServices.framework; sourceTree = SDKROOT; };
		01DE2CCB1AEEC9E800B89E50 /* QuartzCore.framework */ = {isa = PBXFileReference; lastKnownFileType = wrapper.framework; name = QuartzCore.framework; path = System/Library/Frameworks/QuartzCore.framework; sourceTree = SDKROOT; };
		01DE2CCD1AEEC9EF00B89E50 /* Security.framework */ = {isa = PBXFileReference; lastKnownFileType = wrapper.framework; name = Security.framework; path = System/Library/Frameworks/Security.framework; sourceTree = SDKROOT; };
		01DE2CCF1AEEC9F500B89E50 /* StoreKit.framework */ = {isa = PBXFileReference; lastKnownFileType = wrapper.framework; name = StoreKit.framework; path = System/Library/Frameworks/StoreKit.framework; sourceTree = SDKROOT; };
		01DE2CD11AEEC9FD00B89E50 /* SystemConfiguration.framework */ = {isa = PBXFileReference; lastKnownFileType = wrapper.framework; name = SystemConfiguration.framework; path = System/Library/Frameworks/SystemConfiguration.framework; sourceTree = SDKROOT; };
		01DE2CD31AEECA0700B89E50 /* libstdc++.6.dylib */ = {isa = PBXFileReference; lastKnownFileType = "compiled.mach-o.dylib"; name = "libstdc++.6.dylib"; path = "usr/lib/libstdc++.6.dylib"; sourceTree = SDKROOT; };
		01DE2CD51AEECA1000B89E50 /* libz.dylib */ = {isa = PBXFileReference; lastKnownFileType = "compiled.mach-o.dylib"; name = libz.dylib; path = usr/lib/libz.dylib; sourceTree = SDKROOT; };
		01DE2CD71AEECA1C00B89E50 /* libsqlite3.dylib */ = {isa = PBXFileReference; lastKnownFileType = "compiled.mach-o.dylib"; name = libsqlite3.dylib; path = usr/lib/libsqlite3.dylib; sourceTree = SDKROOT; };
		01DE2CE61AF03C5000B89E50 /* LaterNavigationController.swift */ = {isa = PBXFileReference; fileEncoding = 4; lastKnownFileType = sourcecode.swift; path = LaterNavigationController.swift; sourceTree = "<group>"; };
		01DE2CE91AF277ED00B89E50 /* Dosis-Bold.ttf */ = {isa = PBXFileReference; lastKnownFileType = file; path = "Dosis-Bold.ttf"; sourceTree = "<group>"; };
		01DE2CEA1AF277ED00B89E50 /* Dosis-ExtraBold.ttf */ = {isa = PBXFileReference; lastKnownFileType = file; path = "Dosis-ExtraBold.ttf"; sourceTree = "<group>"; };
		01DE2CEB1AF277ED00B89E50 /* Dosis-Medium.ttf */ = {isa = PBXFileReference; lastKnownFileType = file; path = "Dosis-Medium.ttf"; sourceTree = "<group>"; };
		01DE2CEC1AF277ED00B89E50 /* Dosis-Regular.ttf */ = {isa = PBXFileReference; lastKnownFileType = file; path = "Dosis-Regular.ttf"; sourceTree = "<group>"; };
		01DE2CED1AF277ED00B89E50 /* Dosis-SemiBold.ttf */ = {isa = PBXFileReference; lastKnownFileType = file; path = "Dosis-SemiBold.ttf"; sourceTree = "<group>"; };
		02F5BDE019CE1C4900EDFD47 /* l8r.app */ = {isa = PBXFileReference; explicitFileType = wrapper.application; includeInIndex = 0; path = l8r.app; sourceTree = BUILT_PRODUCTS_DIR; };
		02F5BDE419CE1C4900EDFD47 /* Info.plist */ = {isa = PBXFileReference; lastKnownFileType = text.plist.xml; path = Info.plist; sourceTree = "<group>"; };
		02F5BDE519CE1C4900EDFD47 /* AppDelegate.swift */ = {isa = PBXFileReference; lastKnownFileType = sourcecode.swift; path = AppDelegate.swift; sourceTree = "<group>"; };
		02F5BDE719CE1C4900EDFD47 /* ViewController.swift */ = {isa = PBXFileReference; lastKnownFileType = sourcecode.swift; path = ViewController.swift; sourceTree = "<group>"; };
		02F5BDEA19CE1C4900EDFD47 /* Base */ = {isa = PBXFileReference; lastKnownFileType = file.storyboard; name = Base; path = Base.lproj/Main.storyboard; sourceTree = "<group>"; };
		02F5BDEC19CE1C4900EDFD47 /* Images.xcassets */ = {isa = PBXFileReference; lastKnownFileType = folder.assetcatalog; path = Images.xcassets; sourceTree = "<group>"; };
		02F5BDEF19CE1C4900EDFD47 /* Base */ = {isa = PBXFileReference; lastKnownFileType = file.xib; name = Base; path = Base.lproj/LaunchScreen.xib; sourceTree = "<group>"; };
		02F5BDFA19CE1C4900EDFD47 /* Info.plist */ = {isa = PBXFileReference; lastKnownFileType = text.plist.xml; path = Info.plist; sourceTree = "<group>"; };
		02F5BDFB19CE1C4900EDFD47 /* CameraTutorialTests.swift */ = {isa = PBXFileReference; lastKnownFileType = sourcecode.swift; path = CameraTutorialTests.swift; sourceTree = "<group>"; };
/* End PBXFileReference section */

/* Begin PBXFrameworksBuildPhase section */
		02F5BDDD19CE1C4900EDFD47 /* Frameworks */ = {
			isa = PBXFrameworksBuildPhase;
			buildActionMask = 2147483647;
			files = (
				01DE2CE41AEECB4400B89E50 /* libsqlite3.dylib in Frameworks */,
				01DE2CE31AEECB3E00B89E50 /* libz.dylib in Frameworks */,
				01DE2CE21AEECB3800B89E50 /* libstdc++.6.dylib in Frameworks */,
				01DE2CE11AEECB2C00B89E50 /* SystemConfiguration.framework in Frameworks */,
				01DE2CE01AEECB2600B89E50 /* StoreKit.framework in Frameworks */,
				01DE2CDF1AEECB1A00B89E50 /* Security.framework in Frameworks */,
				01DE2CDE1AEECB1500B89E50 /* QuartzCore.framework in Frameworks */,
				01DE2CDD1AEECB1100B89E50 /* MobileCoreServices.framework in Frameworks */,
				01DE2CDC1AEECB0B00B89E50 /* CoreLocation.framework in Frameworks */,
				01DE2CDB1AEECB0700B89E50 /* CoreGraphics.framework in Frameworks */,
				01DE2CDA1AEECB0300B89E50 /* CFNetwork.framework in Frameworks */,
				01DE2CD91AEECAFE00B89E50 /* AudioToolbox.framework in Frameworks */,
				0127DDF91AEEBF8D00535159 /* Bolts.framework in Frameworks */,
				0127DDFC1AEEBF9600535159 /* Parse.framework in Frameworks */,
				0127DDFA1AEEBF8D00535159 /* ParseCrashReporting.framework in Frameworks */,
			);
			runOnlyForDeploymentPostprocessing = 0;
		};
/* End PBXFrameworksBuildPhase section */

/* Begin PBXGroup section */
		0104DE881AB76F8F00E4F220 /* library */ = {
			isa = PBXGroup;
			children = (
				01BAC3AB1AE80E0B006ADA0F /* ModalViewController.swift */,
				0180E6841AC9C08D00470487 /* CardStack.swift */,
				0104DE891AB76F8F00E4F220 /* MenuButton.swift */,
				0104DE8C1AB7704200E4F220 /* AboutDialogue.swift */,
			);
			path = library;
			sourceTree = "<group>";
		};
		0127DDFD1AEEBFB200535159 /* Frameworks */ = {
			isa = PBXGroup;
			children = (
				01DE2CEE1AF277FF00B89E50 /* Font */,
				01DE2CD71AEECA1C00B89E50 /* libsqlite3.dylib */,
				01DE2CD51AEECA1000B89E50 /* libz.dylib */,
				01DE2CD31AEECA0700B89E50 /* libstdc++.6.dylib */,
				01DE2CD11AEEC9FD00B89E50 /* SystemConfiguration.framework */,
				01DE2CCF1AEEC9F500B89E50 /* StoreKit.framework */,
				01DE2CCD1AEEC9EF00B89E50 /* Security.framework */,
				01DE2CCB1AEEC9E800B89E50 /* QuartzCore.framework */,
				01DE2CC91AEEC9E300B89E50 /* MobileCoreServices.framework */,
				01DE2CC71AEEC9DD00B89E50 /* CoreLocation.framework */,
				0127DE021AEEBFD300535159 /* CoreGraphics.framework */,
				0127DE001AEEBFCC00535159 /* CFNetwork.framework */,
				0127DDFE1AEEBFC500535159 /* AudioToolbox.framework */,
				0127DDFB1AEEBF9600535159 /* Parse.framework */,
				0127DDF71AEEBF8D00535159 /* Bolts.framework */,
				0127DDF81AEEBF8D00535159 /* ParseCrashReporting.framework */,
			);
			name = Frameworks;
			sourceTree = "<group>";
		};
		01DE2CEE1AF277FF00B89E50 /* Font */ = {
			isa = PBXGroup;
			children = (
				01DE2CE91AF277ED00B89E50 /* Dosis-Bold.ttf */,
				01DE2CEA1AF277ED00B89E50 /* Dosis-ExtraBold.ttf */,
				01DE2CEB1AF277ED00B89E50 /* Dosis-Medium.ttf */,
				01DE2CEC1AF277ED00B89E50 /* Dosis-Regular.ttf */,
				01DE2CED1AF277ED00B89E50 /* Dosis-SemiBold.ttf */,
			);
			name = Font;
			sourceTree = "<group>";
		};
		02F5BDD719CE1C4900EDFD47 = {
			isa = PBXGroup;
			children = (
				011D5BBF1AF7D8DE000FAFF7 /* L8R.swift */,
				0127DDFD1AEEBFB200535159 /* Frameworks */,
				02F5BDE219CE1C4900EDFD47 /* CameraTutorial */,
				02F5BDF819CE1C4900EDFD47 /* CameraTutorialTests */,
				02F5BDE119CE1C4900EDFD47 /* Products */,
			);
			sourceTree = "<group>";
		};
		02F5BDE119CE1C4900EDFD47 /* Products */ = {
			isa = PBXGroup;
			children = (
				02F5BDE019CE1C4900EDFD47 /* l8r.app */,
			);
			name = Products;
			sourceTree = "<group>";
		};
		02F5BDE219CE1C4900EDFD47 /* CameraTutorial */ = {
			isa = PBXGroup;
			children = (
				0104DE881AB76F8F00E4F220 /* library */,
				02F5BDE519CE1C4900EDFD47 /* AppDelegate.swift */,
				01523DCA1A8FC23500FCDC0F /* Model.xcdatamodeld */,
				02F5BDE719CE1C4900EDFD47 /* ViewController.swift */,
				01BDDE8A1A912D4A0015F601 /* CameraController.swift */,
				01BAC3A91AE5D9EA006ADA0F /* AlbumViewController.swift */,
				01BDDE881A912C240015F601 /* PageItemController.swift */,
				02F5BDE919CE1C4900EDFD47 /* Main.storyboard */,
				01DE2CE61AF03C5000B89E50 /* LaterNavigationController.swift */,
				0180E6861AC9C0E400470487 /* InboxViewController.swift */,
				02F5BDEC19CE1C4900EDFD47 /* Images.xcassets */,
				02F5BDEE19CE1C4900EDFD47 /* LaunchScreen.xib */,
				02F5BDE319CE1C4900EDFD47 /* Supporting Files */,
			);
			path = CameraTutorial;
			sourceTree = "<group>";
		};
		02F5BDE319CE1C4900EDFD47 /* Supporting Files */ = {
			isa = PBXGroup;
			children = (
				02F5BDE419CE1C4900EDFD47 /* Info.plist */,
			);
			name = "Supporting Files";
			sourceTree = "<group>";
		};
		02F5BDF819CE1C4900EDFD47 /* CameraTutorialTests */ = {
			isa = PBXGroup;
			children = (
				02F5BDFB19CE1C4900EDFD47 /* CameraTutorialTests.swift */,
				02F5BDF919CE1C4900EDFD47 /* Supporting Files */,
			);
			path = CameraTutorialTests;
			sourceTree = "<group>";
		};
		02F5BDF919CE1C4900EDFD47 /* Supporting Files */ = {
			isa = PBXGroup;
			children = (
				02F5BDFA19CE1C4900EDFD47 /* Info.plist */,
			);
			name = "Supporting Files";
			sourceTree = "<group>";
		};
/* End PBXGroup section */

/* Begin PBXNativeTarget section */
		02F5BDDF19CE1C4900EDFD47 /* CameraTutorial */ = {
			isa = PBXNativeTarget;
			buildConfigurationList = 02F5BDFF19CE1C4900EDFD47 /* Build configuration list for PBXNativeTarget "CameraTutorial" */;
			buildPhases = (
				02F5BDDC19CE1C4900EDFD47 /* Sources */,
				02F5BDDD19CE1C4900EDFD47 /* Frameworks */,
				02F5BDDE19CE1C4900EDFD47 /* Resources */,
				01DE2CE51AEECC8D00B89E50 /* Run Script */,
			);
			buildRules = (
			);
			dependencies = (
			);
			name = CameraTutorial;
			productName = CameraTutorial;
			productReference = 02F5BDE019CE1C4900EDFD47 /* l8r.app */;
			productType = "com.apple.product-type.application";
		};
/* End PBXNativeTarget section */

/* Begin PBXProject section */
		02F5BDD819CE1C4900EDFD47 /* Project object */ = {
			isa = PBXProject;
			attributes = {
				LastUpgradeCheck = 0600;
				ORGANIZATIONNAME = "JQ Software";
				TargetAttributes = {
					02F5BDDF19CE1C4900EDFD47 = {
						CreatedOnToolsVersion = 6.1;
						DevelopmentTeam = 3RA98GNA2A;
					};
				};
			};
			buildConfigurationList = 02F5BDDB19CE1C4900EDFD47 /* Build configuration list for PBXProject "CameraTutorial" */;
			compatibilityVersion = "Xcode 3.2";
			developmentRegion = English;
			hasScannedForEncodings = 0;
			knownRegions = (
				en,
				Base,
			);
			mainGroup = 02F5BDD719CE1C4900EDFD47;
			productRefGroup = 02F5BDE119CE1C4900EDFD47 /* Products */;
			projectDirPath = "";
			projectRoot = "";
			targets = (
				02F5BDDF19CE1C4900EDFD47 /* CameraTutorial */,
			);
		};
/* End PBXProject section */

/* Begin PBXResourcesBuildPhase section */
		02F5BDDE19CE1C4900EDFD47 /* Resources */ = {
			isa = PBXResourcesBuildPhase;
			buildActionMask = 2147483647;
			files = (
				01DE2CF21AF2781B00B89E50 /* Dosis-Regular.ttf in Resources */,
				02F5BDEB19CE1C4900EDFD47 /* Main.storyboard in Resources */,
				02F5BDF019CE1C4900EDFD47 /* LaunchScreen.xib in Resources */,
				01DE2CF11AF2781900B89E50 /* Dosis-Medium.ttf in Resources */,
				01DE2CF31AF2781D00B89E50 /* Dosis-SemiBold.ttf in Resources */,
				01DE2CEF1AF2781500B89E50 /* Dosis-Bold.ttf in Resources */,
				01DE2CF01AF2781700B89E50 /* Dosis-ExtraBold.ttf in Resources */,
				02F5BDED19CE1C4900EDFD47 /* Images.xcassets in Resources */,
			);
			runOnlyForDeploymentPostprocessing = 0;
		};
/* End PBXResourcesBuildPhase section */

/* Begin PBXShellScriptBuildPhase section */
		01DE2CE51AEECC8D00B89E50 /* Run Script */ = {
			isa = PBXShellScriptBuildPhase;
			buildActionMask = 8;
			files = (
			);
			inputPaths = (
			);
			name = "Run Script";
			outputPaths = (
			);
			runOnlyForDeploymentPostprocessing = 1;
			shellPath = /bin/sh;
			shellScript = "export PATH=/usr/local/bin:$PATH\ncd /Users/nick/Desktop/personal-dev/l8r-main/parse\n\nparse symbols -p \"${DWARF_DSYM_FOLDER_PATH}/${DWARF_DSYM_FILE_NAME}\"";
		};
/* End PBXShellScriptBuildPhase section */

/* Begin PBXSourcesBuildPhase section */
		02F5BDDC19CE1C4900EDFD47 /* Sources */ = {
			isa = PBXSourcesBuildPhase;
			buildActionMask = 2147483647;
			files = (
				0104DE8D1AB7704200E4F220 /* AboutDialogue.swift in Sources */,
				02F5BDE819CE1C4900EDFD47 /* ViewController.swift in Sources */,
				0180E6851AC9C08D00470487 /* CardStack.swift in Sources */,
				01BAC3AC1AE80E0B006ADA0F /* ModalViewController.swift in Sources */,
				02F5BDE619CE1C4900EDFD47 /* AppDelegate.swift in Sources */,
				0180E6871AC9C0E400470487 /* InboxViewController.swift in Sources */,
				01DE2CE71AF03C5000B89E50 /* LaterNavigationController.swift in Sources */,
				0104DE8A1AB76F8F00E4F220 /* MenuButton.swift in Sources */,
				01BAC3AA1AE5D9EA006ADA0F /* AlbumViewController.swift in Sources */,
				011D5BC01AF7D8DE000FAFF7 /* L8R.swift in Sources */,
				01523DCC1A8FC23500FCDC0F /* Model.xcdatamodeld in Sources */,
				01BDDE891A912C240015F601 /* PageItemController.swift in Sources */,
				01BDDE8B1A912D4A0015F601 /* CameraController.swift in Sources */,
			);
			runOnlyForDeploymentPostprocessing = 0;
		};
/* End PBXSourcesBuildPhase section */

/* Begin PBXVariantGroup section */
		02F5BDE919CE1C4900EDFD47 /* Main.storyboard */ = {
			isa = PBXVariantGroup;
			children = (
				02F5BDEA19CE1C4900EDFD47 /* Base */,
			);
			name = Main.storyboard;
			sourceTree = "<group>";
		};
		02F5BDEE19CE1C4900EDFD47 /* LaunchScreen.xib */ = {
			isa = PBXVariantGroup;
			children = (
				02F5BDEF19CE1C4900EDFD47 /* Base */,
			);
			name = LaunchScreen.xib;
			sourceTree = "<group>";
		};
/* End PBXVariantGroup section */

/* Begin XCBuildConfiguration section */
		02F5BDFD19CE1C4900EDFD47 /* Debug */ = {
			isa = XCBuildConfiguration;
			buildSettings = {
				ALWAYS_SEARCH_USER_PATHS = NO;
				CLANG_CXX_LANGUAGE_STANDARD = "gnu++0x";
				CLANG_CXX_LIBRARY = "libc++";
				CLANG_ENABLE_MODULES = YES;
				CLANG_ENABLE_OBJC_ARC = YES;
				CLANG_WARN_BOOL_CONVERSION = YES;
				CLANG_WARN_CONSTANT_CONVERSION = YES;
				CLANG_WARN_DIRECT_OBJC_ISA_USAGE = YES_ERROR;
				CLANG_WARN_EMPTY_BODY = YES;
				CLANG_WARN_ENUM_CONVERSION = YES;
				CLANG_WARN_INT_CONVERSION = YES;
				CLANG_WARN_OBJC_ROOT_CLASS = YES_ERROR;
				CLANG_WARN_UNREACHABLE_CODE = YES;
				CLANG_WARN__DUPLICATE_METHOD_MATCH = YES;
				"CODE_SIGN_IDENTITY[sdk=iphoneos*]" = "iPhone Developer";
				COPY_PHASE_STRIP = NO;
				ENABLE_STRICT_OBJC_MSGSEND = YES;
				GCC_C_LANGUAGE_STANDARD = gnu99;
				GCC_DYNAMIC_NO_PIC = NO;
				GCC_OPTIMIZATION_LEVEL = 0;
				GCC_PREPROCESSOR_DEFINITIONS = (
					"DEBUG=1",
					"$(inherited)",
				);
				GCC_SYMBOLS_PRIVATE_EXTERN = NO;
				GCC_WARN_64_TO_32_BIT_CONVERSION = YES;
				GCC_WARN_ABOUT_RETURN_TYPE = YES_ERROR;
				GCC_WARN_UNDECLARED_SELECTOR = YES;
				GCC_WARN_UNINITIALIZED_AUTOS = YES_AGGRESSIVE;
				GCC_WARN_UNUSED_FUNCTION = YES;
				GCC_WARN_UNUSED_VARIABLE = YES;
				IPHONEOS_DEPLOYMENT_TARGET = 8.0;
				MTL_ENABLE_DEBUG_INFO = YES;
				ONLY_ACTIVE_ARCH = YES;
				SDKROOT = iphoneos;
				SWIFT_OPTIMIZATION_LEVEL = "-Onone";
			};
			name = Debug;
		};
		02F5BDFE19CE1C4900EDFD47 /* Release */ = {
			isa = XCBuildConfiguration;
			buildSettings = {
				ALWAYS_SEARCH_USER_PATHS = NO;
				CLANG_CXX_LANGUAGE_STANDARD = "gnu++0x";
				CLANG_CXX_LIBRARY = "libc++";
				CLANG_ENABLE_MODULES = YES;
				CLANG_ENABLE_OBJC_ARC = YES;
				CLANG_WARN_BOOL_CONVERSION = YES;
				CLANG_WARN_CONSTANT_CONVERSION = YES;
				CLANG_WARN_DIRECT_OBJC_ISA_USAGE = YES_ERROR;
				CLANG_WARN_EMPTY_BODY = YES;
				CLANG_WARN_ENUM_CONVERSION = YES;
				CLANG_WARN_INT_CONVERSION = YES;
				CLANG_WARN_OBJC_ROOT_CLASS = YES_ERROR;
				CLANG_WARN_UNREACHABLE_CODE = YES;
				CLANG_WARN__DUPLICATE_METHOD_MATCH = YES;
				"CODE_SIGN_IDENTITY[sdk=iphoneos*]" = "iPhone Developer";
				COPY_PHASE_STRIP = YES;
				ENABLE_NS_ASSERTIONS = NO;
				ENABLE_STRICT_OBJC_MSGSEND = YES;
				GCC_C_LANGUAGE_STANDARD = gnu99;
				GCC_WARN_64_TO_32_BIT_CONVERSION = YES;
				GCC_WARN_ABOUT_RETURN_TYPE = YES_ERROR;
				GCC_WARN_UNDECLARED_SELECTOR = YES;
				GCC_WARN_UNINITIALIZED_AUTOS = YES_AGGRESSIVE;
				GCC_WARN_UNUSED_FUNCTION = YES;
				GCC_WARN_UNUSED_VARIABLE = YES;
				IPHONEOS_DEPLOYMENT_TARGET = 8.0;
				MTL_ENABLE_DEBUG_INFO = NO;
				PRODUCT_NAME = "";
				SDKROOT = iphoneos;
				VALIDATE_PRODUCT = YES;
			};
			name = Release;
		};
		02F5BE0019CE1C4900EDFD47 /* Debug */ = {
			isa = XCBuildConfiguration;
			buildSettings = {
				ASSETCATALOG_COMPILER_APPICON_NAME = AppIcon;
				CODE_SIGN_IDENTITY = "iPhone Developer";
				FRAMEWORK_SEARCH_PATHS = (
					"$(inherited)",
					"$(PROJECT_DIR)",
				);
				INFOPLIST_FILE = CameraTutorial/Info.plist;
				LD_RUNPATH_SEARCH_PATHS = "$(inherited) @executable_path/Frameworks";
				PRODUCT_MODULE_NAME = l8r;
				PRODUCT_NAME = l8r;
			};
			name = Debug;
		};
		02F5BE0119CE1C4900EDFD47 /* Release */ = {
			isa = XCBuildConfiguration;
			buildSettings = {
				ASSETCATALOG_COMPILER_APPICON_NAME = AppIcon;
				CODE_SIGN_IDENTITY = "iPhone Developer";
				FRAMEWORK_SEARCH_PATHS = (
					"$(inherited)",
					"$(PROJECT_DIR)",
				);
				INFOPLIST_FILE = CameraTutorial/Info.plist;
				LD_RUNPATH_SEARCH_PATHS = "$(inherited) @executable_path/Frameworks";
				PRODUCT_MODULE_NAME = l8r;
				PRODUCT_NAME = l8r;
			};
			name = Release;
		};
/* End XCBuildConfiguration section */

/* Begin XCConfigurationList section */
		02F5BDDB19CE1C4900EDFD47 /* Build configuration list for PBXProject "CameraTutorial" */ = {
			isa = XCConfigurationList;
			buildConfigurations = (
				02F5BDFD19CE1C4900EDFD47 /* Debug */,
				02F5BDFE19CE1C4900EDFD47 /* Release */,
			);
			defaultConfigurationIsVisible = 0;
			defaultConfigurationName = Release;
		};
		02F5BDFF19CE1C4900EDFD47 /* Build configuration list for PBXNativeTarget "CameraTutorial" */ = {
			isa = XCConfigurationList;
			buildConfigurations = (
				02F5BE0019CE1C4900EDFD47 /* Debug */,
				02F5BE0119CE1C4900EDFD47 /* Release */,
			);
			defaultConfigurationIsVisible = 0;
			defaultConfigurationName = Release;
		};
/* End XCConfigurationList section */

/* Begin XCVersionGroup section */
		01523DCA1A8FC23500FCDC0F /* Model.xcdatamodeld */ = {
			isa = XCVersionGroup;
			children = (
				01523DCB1A8FC23500FCDC0F /* Model.xcdatamodel */,
			);
			currentVersion = 01523DCB1A8FC23500FCDC0F /* Model.xcdatamodel */;
			path = Model.xcdatamodeld;
			sourceTree = "<group>";
			versionGroupType = wrapper.xcdatamodel;
		};
/* End XCVersionGroup section */
	};
	rootObject = 02F5BDD819CE1C4900EDFD47 /* Project object */;
}
